version = 1
revision = 1
requires-python = ">=3.13"

[[package]]
name = "setproctitle"
version = "1.3.5"
source = { registry = "https://pypi.org/simple" }
sdist = { url = "https://files.pythonhosted.org/packages/c4/4d/6a840c8d2baa07b57329490e7094f90aac177a1d5226bc919046f1106860/setproctitle-1.3.5.tar.gz", hash = "sha256:1e6eaeaf8a734d428a95d8c104643b39af7d247d604f40a7bebcf3960a853c5e", size = 26737 }
wheels = [
    { url = "https://files.pythonhosted.org/packages/ab/78/d6b5aa3af2dd64f6c32e78fb85797b9725a3cdcbdf17dffc5838019918c3/setproctitle-1.3.5-cp313-cp313-macosx_10_13_universal2.whl", hash = "sha256:162fd76781f57f42ddf27c475e5fef6a8df4fdd69b28dd554e53e2eb2bfe0f95", size = 17238 },
    { url = "https://files.pythonhosted.org/packages/3d/00/14781f0ac28c7a37fe2ba321c276188ddd5ca73d69dab8a0f739d57b776b/setproctitle-1.3.5-cp313-cp313-macosx_11_0_arm64.whl", hash = "sha256:4969d996bdfbe23bbd023cd0bae6c73a27371615c4ec5296a60cecce268659ef", size = 11867 },
    { url = "https://files.pythonhosted.org/packages/f0/22/8430c879a8e3201508924a6cf45dba92b9a7b105fac8eebd0ef62e60fba9/setproctitle-1.3.5-cp313-cp313-manylinux_2_17_aarch64.manylinux2014_aarch64.whl", hash = "sha256:bd70c95a94473216e7c7a7a1f7d8ecbaca5b16d4ba93ddbfd32050fc485a8451", size = 32001 },
    { url = "https://files.pythonhosted.org/packages/01/f2/b00fe72c20897695f85932d193a5c57ecf94cbf825c0fd4082e3fa3e00bd/setproctitle-1.3.5-cp313-cp313-manylinux_2_17_ppc64le.manylinux2014_ppc64le.whl", hash = "sha256:7a887582bfdb6dcbc482db0ef9e630ad23ca95875806ef2b444bf6fbd7b7d7ca", size = 33415 },
    { url = "https://files.pythonhosted.org/packages/11/5b/e497bf702ea5d553a331ca879e73a18bbd8f7d66d18d275cb2324e4144c4/setproctitle-1.3.5-cp313-cp313-manylinux_2_5_i686.manylinux1_i686.manylinux_2_17_i686.manylinux2014_i686.whl", hash = "sha256:755671c39a9e70834eeec6dc6b61e344399c49881d2e7ea3534a1c69669dd9cc", size = 30606 },
    { url = "https://files.pythonhosted.org/packages/16/99/1bcb837134c71f332bfeaf923e68279566362b7d1504aa106af8046696e8/setproctitle-1.3.5-cp313-cp313-manylinux_2_5_x86_64.manylinux1_x86_64.manylinux_2_17_x86_64.manylinux2014_x86_64.whl", hash = "sha256:9ab52b4c2ce056a1b60d439991a81ca90f019488d4b4f64b2779e6badd3677e6", size = 31679 },
    { url = "https://files.pythonhosted.org/packages/77/55/72af3dbb0b1304bad54ea3b7cf1b524a8a2868da0b4c38bc18290f0097f7/setproctitle-1.3.5-cp313-cp313-musllinux_1_2_aarch64.whl", hash = "sha256:36178b944019ec7fc52bb967ffeee296a11d373734a7be276755bedb3db5c141", size = 31388 },
    { url = "https://files.pythonhosted.org/packages/f3/08/fa13f2da6bd10ca756a45f8fed2888f439e9ce7d6402258e87ceef2d4c71/setproctitle-1.3.5-cp313-cp313-musllinux_1_2_i686.whl", hash = "sha256:269d41cd4f085b69821d1ee6599124f02dbbc79962b256e260b6c9021d037994", size = 30370 },
    { url = "https://files.pythonhosted.org/packages/25/4b/83575bb403967f1069b68a8799979fe7979b5a7c17703d2984965d8f4e92/setproctitle-1.3.5-cp313-cp313-musllinux_1_2_ppc64le.whl", hash = "sha256:d880630fd81d1b3bde121c352ca7ea2f2ff507ef40c3c011d0928ed491f912c9", size = 32897 },
    { url = "https://files.pythonhosted.org/packages/1a/71/0c1e151ef6899260da4009e7170f56261486d3149e9bad40990b52bdd620/setproctitle-1.3.5-cp313-cp313-musllinux_1_2_x86_64.whl", hash = "sha256:8a7fed67ab49f60bd51f3b4cffff3f8d754d1bb0a40e42869911301ec6519b65", size = 30944 },
    { url = "https://files.pythonhosted.org/packages/38/34/a3bdaeaee03e11aef82b45014738f1210f90e37359c41eda3e49b4ce891c/setproctitle-1.3.5-cp313-cp313-win32.whl", hash = "sha256:e9c0d0cfcf715631b10d5950d04a9978f63bc46535724ef7c2eaf1dca9988642", size = 11463 },
    { url = "https://files.pythonhosted.org/packages/ef/f1/a19cde9f3f4054aed7c6077e7fc3420a5151ec6173cf3235fe000722ccb8/setproctitle-1.3.5-cp313-cp313-win_amd64.whl", hash = "sha256:e1d28eb98c91fbebd3e443a45c7da5d84974959851ef304c330eabd654a386f1", size = 12182 },
]

[[package]]
name = "thespian"
version = "4.0.0"
source = { registry = "https://pypi.org/simple" }
sdist = { url = "https://files.pythonhosted.org/packages/63/64/2e97f6980cc64eb6c831907daf22019fe0026b331eb2f24134d8d9a4e6ef/thespian-4.0.0.zip", hash = "sha256:f7692b5a09170a61fb41ad10fb4718d8a2b02a30de2582c0f08d03b529a84688", size = 513363 }

[[package]]
name = "thespian-features"
version = "0.1.0"
source = { virtual = "." }
dependencies = [
    { name = "setproctitle" },
    { name = "thespian" },
]

[package.metadata]
requires-dist = [
    { name = "setproctitle", specifier = ">=1.0" },
    { name = "thespian", specifier = ">=4.0.0" },
]
